
Microsoft Visual Studio Solution File, Format Version 12.00
# Visual Studio 15
VisualStudioVersion = 15.0.28307.102
MinimumVisualStudioVersion = 10.0.40219.1
Project("{FAE04EC0-301F-11D3-BF4B-00C04F79EFBC}") = "Strony", "Strony\Strony.csproj", "{3E6BA285-741A-4373-9043-124AC7543207}"
EndProject
Global
	GlobalSection(SolutionConfigurationPlatforms) = preSolution
		Debug|Any CPU = Debug|Any CPU
		Release|Any CPU = Release|Any CPU
	EndGlobalSection
	GlobalSection(ProjectConfigurationPlatforms) = postSolution
		{3E6BA285-741A-4373-9043-124AC7543207}.Debug|Any CPU.ActiveCfg = Debug|Any CPU
		{3E6BA285-741A-4373-9043-124AC7543207}.Debug|Any CPU.Build.0 = Debug|Any CPU
		{3E6BA285-741A-4373-9043-124AC7543207}.Release|Any CPU.ActiveCfg = Release|Any CPU
		{3E6BA285-741A-4373-9043-124AC7543207}.Release|Any CPU.Build.0 = Release|Any CPU
	EndGlobalSection
	GlobalSection(SolutionProperties) = preSolution
		HideSolutionNode = FALSE
	EndGlobalSection
	GlobalSection(ExtensibilityGlobals) = postSolution
		SolutionGuid = {FAF1EEC1-5F84-40FC-8FC2-4CFF512D7C7D}
	EndGlobalSection
EndGlobal
